{
  "name": "localsaml-demo-sp",
  "lockfileVersion": 3,
  "requires": true,
  "packages": {
    "": {
      "name": "localsaml-demo-sp",
      "dependencies": {
        "@xmldom/xmldom": "^0.9.6",
        "xml-crypto": "^6.0.0",
        "xpath": "^0.0.34"
      }
    },
    "node_modules/@xmldom/is-dom-node": {
      "version": "1.0.1",
      "resolved": "https://registry.npmjs.org/@xmldom/is-dom-node/-/is-dom-node-1.0.1.tgz",
      "integrity": "sha512-CJDxIgE5I0FH+ttq/Fxy6nRpxP70+e2O048EPe85J2use3XKdatVM7dDVvFNjQudd9B49NPoZ+8PG49zj4Er8Q==",
      "license": "MIT",
      "engines": {
        "node": ">= 16"
      }
    },
    "node_modules/@xmldom/xmldom": {
      "version": "0.9.11",
      "resolved": "https://registry.npmjs.org/@xmldom/xmldom/-/xmldom-0.9.11.tgz",
      "integrity": "sha512-tW8bcK3hsG0/uqSnNz6TK4BkcuZSezoU7DlnYssILmZDktPnSHHuDJJFM0AJv+13gz2r0iGdrj6qqKeUnxXEDg==",
      "license": "MIT",
      "engines": {
        "node": ">=14.6"
      }
    },
    "node_modules/xml-crypto": {
      "version": "6.1.2",
      "resolved": "https://registry.npmjs.org/xml-crypto/-/xml-crypto-6.1.2.tgz",
      "integrity": "sha512-leBOVQdVi8FvPJrMYoum7Ici9qyxfE4kVi+AkpUoYCSXaQF4IlBm1cneTK9oAxR61LpYxTx7lNcsnBIeRpGW2w==",
      "license": "MIT",
      "dependencies": {
        "@xmldom/is-dom-node": "^1.0.1",
        "@xmldom/xmldom": "^0.8.10",
        "xpath": "^0.0.33"
      },
      "engines": {
        "node": ">=16"
      }
    },
    "node_modules/xml-crypto/node_modules/@xmldom/xmldom": {
      "version": "0.8.14",
      "resolved": "https://registry.npmjs.org/@xmldom/xmldom/-/xmldom-0.8.14.tgz",
      "integrity": "sha512-T4EDRUBVZYRldYApjEJiU0e1stYWaRAX7CuSnKzrpwdZKo53zGV8/pqfzV6FfwNl9YThD2OumQYvqtvjvgG7aQ==",
      "license": "MIT",
      "engines": {
        "node": ">=10.0.0"
      }
    },
    "node_modules/xml-crypto/node_modules/xpath": {
      "version": "0.0.33",
      "resolved": "https://registry.npmjs.org/xpath/-/xpath-0.0.33.tgz",
      "integrity": "sha512-NNXnzrkDrAzalLhIUc01jO2mOzXGXh1JwPgkihcLLzw98c0WgYDmmjSh1Kl3wzaxSVWMuA+fe0WTWOBDWCBmNA==",
      "license": "MIT",
      "engines": {
        "node": ">=0.6.0"
      }
    },
    "node_modules/xpath": {
      "version": "0.0.34",
      "resolved": "https://registry.npmjs.org/xpath/-/xpath-0.0.34.tgz",
      "integrity": "sha512-FxF6+rkr1rNSQrhUNYrAFJpRXNzlDoMxeXN5qI84939ylEv3qqPFKa85Oxr6tDaJKqwW6KKyo2v26TSv3k6LeA==",
      "license": "MIT",
      "engines": {
        "node": ">=0.6.0"
      }
    }
  }
}
